dependencies:
  iamflinks/i2c_lcd_pcf8574:
    component_hash: ae9c5a92cbfa22b78fcd426922583536eed28adba4ea8f7577cad27e206d4149
    dependencies:
    - name: idf
      require: private
      version: '>=4.4.0'
    source:
      registry_url: https://components.espressif.com/
      type: service
    version: 1.0.1
  idf:
    source:
      type: idf
    version: 5.5.1
direct_dependencies:
- iamflinks/i2c_lcd_pcf8574
manifest_hash: eb78fe5f8d56cbf0abba7bbbbc199f38438a3a2f5fe6e053753267b9a97fcaf8
target: esp32
version: 2.0.0
